{
  "name": "database2",
  "version": "1.0.0",
  "lockfileVersion": 2,
  "requires": true,
  "packages": {
    "": {
      "version": "1.0.0",
      "license": "ISC",
      "dependencies": {
        "fs-extra": "^10.0.0",
        "node-repl-await": "^0.1.2",
        "simple-git": "^2.38.0",
        "ws": "^7.4.5"
      }
    },
    "node_modules/@kwsites/file-exists": {
      "version": "1.1.1",
      "resolved": "https://registry.npmjs.org/@kwsites/file-exists/-/file-exists-1.1.1.tgz",
      "integrity": "sha512-m9/5YGR18lIwxSFDwfE3oA7bWuq9kdau6ugN4H2rJeyhFQZcG9AgSHkQtSD15a8WvTgfz9aikZMrKPHvbpqFiw==",
      "dependencies": {
        "debug": "^4.1.1"
      }
    },
    "node_modules/@kwsites/promise-deferred": {
      "version": "1.1.1",
      "resolved": "https://registry.npmjs.org/@kwsites/promise-deferred/-/promise-deferred-1.1.1.tgz",
      "integrity": "sha512-GaHYm+c0O9MjZRu0ongGBRbinu8gVAMd2UZjji6jVmqKtZluZnptXGWhz1E8j8D2HJ3f/yMxKAUC0b+57wncIw=="
    },
    "node_modules/acorn": {
      "version": "8.2.4",
      "resolved": "https://registry.npmjs.org/acorn/-/acorn-8.2.4.tgz",
      "integrity": "sha512-Ibt84YwBDDA890eDiDCEqcbwvHlBvzzDkU2cGBBDDI1QWT12jTiXIOn2CIw5KK4i6N5Z2HUxwYjzriDyqaqqZg==",
      "bin": {
        "acorn": "bin/acorn"
      },
      "engines": {
        "node": ">=0.4.0"
      }
    },
    "node_modules/acorn-class-fields": {
      "version": "1.0.0",
      "resolved": "https://registry.npmjs.org/acorn-class-fields/-/acorn-class-fields-1.0.0.tgz",
      "integrity": "sha512-l+1FokF34AeCXGBHkrXFmml9nOIRI+2yBnBpO5MaVAaTIJ96irWLtcCxX+7hAp6USHFCe+iyyBB4ZhxV807wmA==",
      "dependencies": {
        "acorn-private-class-elements": "^1.0.0"
      },
      "engines": {
        "node": ">=4.8.2"
      },
      "peerDependencies": {
        "acorn": "^6 || ^7 || ^8"
      }
    },
    "node_modules/acorn-private-class-elements": {
      "version": "1.0.0",
      "resolved": "https://registry.npmjs.org/acorn-private-class-elements/-/acorn-private-class-elements-1.0.0.tgz",
      "integrity": "sha512-zYNcZtxKgVCg1brS39BEou86mIao1EV7eeREG+6WMwKbuYTeivRRs6S2XdWnboRde6G9wKh2w+WBydEyJsJ6mg==",
      "engines": {
        "node": ">=4.8.2"
      },
      "peerDependencies": {
        "acorn": "^6.1.0 || ^7 || ^8"
      }
    },
    "node_modules/acorn-private-methods": {
      "version": "1.0.0",
      "resolved": "https://registry.npmjs.org/acorn-private-methods/-/acorn-private-methods-1.0.0.tgz",
      "integrity": "sha512-Jou2L3nfwfPpFdmmHObI3yUpVPM1bPohTUAZCyVDw5Efyn9LSS6E36neRLCRfIr8QjskAfdxRdABOrvP4c/gwQ==",
      "dependencies": {
        "acorn-private-class-elements": "^1.0.0"
      },
      "engines": {
        "node": ">=4.8.2"
      },
      "peerDependencies": {
        "acorn": "^6 || ^7 || ^8"
      }
    },
    "node_modules/acorn-static-class-features": {
      "version": "1.0.0",
      "resolved": "https://registry.npmjs.org/acorn-static-class-features/-/acorn-static-class-features-1.0.0.tgz",
      "integrity": "sha512-XZJECjbmMOKvMHiNzbiPXuXpLAJfN3dAKtfIYbk1eHiWdsutlek+gS7ND4B8yJ3oqvHo1NxfafnezVmq7NXK0A==",
      "dependencies": {
        "acorn-private-class-elements": "^1.0.0"
      },
      "engines": {
        "node": ">=4.8.2"
      },
      "peerDependencies": {
        "acorn": "^6.1.0 || ^7 || ^8"
      }
    },
    "node_modules/acorn-walk": {
      "version": "8.1.0",
      "resolved": "https://registry.npmjs.org/acorn-walk/-/acorn-walk-8.1.0.tgz",
      "integrity": "sha512-mjmzmv12YIG/G8JQdQuz2MUDShEJ6teYpT5bmWA4q7iwoGen8xtt3twF3OvzIUl+Q06aWIjvnwQUKvQ6TtMRjg==",
      "engines": {
        "node": ">=0.4.0"
      }
    },
    "node_modules/debug": {
      "version": "4.3.1",
      "resolved": "https://registry.npmjs.org/debug/-/debug-4.3.1.tgz",
      "integrity": "sha512-doEwdvm4PCeK4K3RQN2ZC2BYUBaxwLARCqZmMjtF8a51J2Rb0xpVloFRnCODwqjpwnAoao4pelN8l3RJdv3gRQ==",
      "dependencies": {
        "ms": "2.1.2"
      },
      "engines": {
        "node": ">=6.0"
      },
      "peerDependenciesMeta": {
        "supports-color": {
          "optional": true
        }
      }
    },
    "node_modules/fs-extra": {
      "version": "10.0.0",
      "resolved": "https://registry.npmjs.org/fs-extra/-/fs-extra-10.0.0.tgz",
      "integrity": "sha512-C5owb14u9eJwizKGdchcDUQeFtlSHHthBk8pbX9Vc1PFZrLombudjDnNns88aYslCyF6IY5SUw3Roz6xShcEIQ==",
      "dependencies": {
        "graceful-fs": "^4.2.0",
        "jsonfile": "^6.0.1",
        "universalify": "^2.0.0"
      },
      "engines": {
        "node": ">=12"
      }
    },
    "node_modules/graceful-fs": {
      "version": "4.2.6",
      "resolved": "https://registry.npmjs.org/graceful-fs/-/graceful-fs-4.2.6.tgz",
      "integrity": "sha512-nTnJ528pbqxYanhpDYsi4Rd8MAeaBA67+RZ10CM1m3bTAVFEDcd5AuA4a6W5YkGZ1iNXHzZz8T6TBKLeBuNriQ=="
    },
    "node_modules/jsonfile": {
      "version": "6.1.0",
      "resolved": "https://registry.npmjs.org/jsonfile/-/jsonfile-6.1.0.tgz",
      "integrity": "sha512-5dgndWOriYSm5cnYaJNhalLNDKOqFwyDB/rr1E9ZsGciGvKPs8R2xYGCacuf3z6K1YKDz182fd+fY3cn3pMqXQ==",
      "dependencies": {
        "universalify": "^2.0.0"
      },
      "optionalDependencies": {
        "graceful-fs": "^4.1.6"
      }
    },
    "node_modules/ms": {
      "version": "2.1.2",
      "resolved": "https://registry.npmjs.org/ms/-/ms-2.1.2.tgz",
      "integrity": "sha512-sGkPx+VjMtmA6MX27oA4FBFELFCZZ4S4XqeGOXCv68tT+jb3vk/RyaKWP0PTKyWtmLSM0b+adUTEvbs1PEaH2w=="
    },
    "node_modules/node-repl-await": {
      "version": "0.1.2",
      "resolved": "https://registry.npmjs.org/node-repl-await/-/node-repl-await-0.1.2.tgz",
      "integrity": "sha512-e03zlI31RjF6Ks9+/ju0gY55dZSm21XXMSzy85FGZtDxuAZCa/iQwzWoQjmZvaolQCrIjzs0e4shxZs1bxbpUg==",
      "dependencies": {
        "acorn": "^8.0.5",
        "acorn-class-fields": "^1.0.0",
        "acorn-private-methods": "^1.0.0",
        "acorn-static-class-features": "^1.0.0",
        "acorn-walk": "^8.0.2"
      }
    },
    "node_modules/simple-git": {
      "version": "2.38.0",
      "resolved": "https://registry.npmjs.org/simple-git/-/simple-git-2.38.0.tgz",
      "integrity": "sha512-CORjrfirWMEGbJAxaXDH/PjZVOeATeG2bkafM9DsLVcFkbF9sXQGIIpEI6FeyXpvUsFK69T/pa4+4FKY9TUJMQ==",
      "dependencies": {
        "@kwsites/file-exists": "^1.1.1",
        "@kwsites/promise-deferred": "^1.1.1",
        "debug": "^4.3.1"
      }
    },
    "node_modules/universalify": {
      "version": "2.0.0",
      "resolved": "https://registry.npmjs.org/universalify/-/universalify-2.0.0.tgz",
      "integrity": "sha512-hAZsKq7Yy11Zu1DE0OzWjw7nnLZmJZYTDZZyEFHZdUhV8FkH5MCfoU1XMaxXovpyW5nq5scPqq0ZDP9Zyl04oQ==",
      "engines": {
        "node": ">= 10.0.0"
      }
    },
    "node_modules/ws": {
      "version": "7.4.5",
      "resolved": "https://registry.npmjs.org/ws/-/ws-7.4.5.tgz",
      "integrity": "sha512-xzyu3hFvomRfXKH8vOFMU3OguG6oOvhXMo3xsGy3xWExqaM2dxBbVxuD99O7m3ZUFMvvscsZDqxfgMaRr/Nr1g==",
      "engines": {
        "node": ">=8.3.0"
      },
      "peerDependencies": {
        "bufferutil": "^4.0.1",
        "utf-8-validate": "^5.0.2"
      },
      "peerDependenciesMeta": {
        "bufferutil": {
          "optional": true
        },
        "utf-8-validate": {
          "optional": true
        }
      }
    }
  },
  "dependencies": {
    "@kwsites/file-exists": {
      "version": "1.1.1",
      "resolved": "https://registry.npmjs.org/@kwsites/file-exists/-/file-exists-1.1.1.tgz",
      "integrity": "sha512-m9/5YGR18lIwxSFDwfE3oA7bWuq9kdau6ugN4H2rJeyhFQZcG9AgSHkQtSD15a8WvTgfz9aikZMrKPHvbpqFiw==",
      "requires": {
        "debug": "^4.1.1"
      }
    },
    "@kwsites/promise-deferred": {
      "version": "1.1.1",
      "resolved": "https://registry.npmjs.org/@kwsites/promise-deferred/-/promise-deferred-1.1.1.tgz",
      "integrity": "sha512-GaHYm+c0O9MjZRu0ongGBRbinu8gVAMd2UZjji6jVmqKtZluZnptXGWhz1E8j8D2HJ3f/yMxKAUC0b+57wncIw=="
    },
    "acorn": {
      "version": "8.2.4",
      "resolved": "https://registry.npmjs.org/acorn/-/acorn-8.2.4.tgz",
      "integrity": "sha512-Ibt84YwBDDA890eDiDCEqcbwvHlBvzzDkU2cGBBDDI1QWT12jTiXIOn2CIw5KK4i6N5Z2HUxwYjzriDyqaqqZg=="
    },
    "acorn-class-fields": {
      "version": "1.0.0",
      "resolved": "https://registry.npmjs.org/acorn-class-fields/-/acorn-class-fields-1.0.0.tgz",
      "integrity": "sha512-l+1FokF34AeCXGBHkrXFmml9nOIRI+2yBnBpO5MaVAaTIJ96irWLtcCxX+7hAp6USHFCe+iyyBB4ZhxV807wmA==",
      "requires": {
        "acorn-private-class-elements": "^1.0.0"
      }
    },
    "acorn-private-class-elements": {
      "version": "1.0.0",
      "resolved": "https://registry.npmjs.org/acorn-private-class-elements/-/acorn-private-class-elements-1.0.0.tgz",
      "integrity": "sha512-zYNcZtxKgVCg1brS39BEou86mIao1EV7eeREG+6WMwKbuYTeivRRs6S2XdWnboRde6G9wKh2w+WBydEyJsJ6mg==",
      "requires": {}
    },
    "acorn-private-methods": {
      "version": "1.0.0",
      "resolved": "https://registry.npmjs.org/acorn-private-methods/-/acorn-private-methods-1.0.0.tgz",
      "integrity": "sha512-Jou2L3nfwfPpFdmmHObI3yUpVPM1bPohTUAZCyVDw5Efyn9LSS6E36neRLCRfIr8QjskAfdxRdABOrvP4c/gwQ==",
      "requires": {
        "acorn-private-class-elements": "^1.0.0"
      }
    },
    "acorn-static-class-features": {
      "version": "1.0.0",
      "resolved": "https://registry.npmjs.org/acorn-static-class-features/-/acorn-static-class-features-1.0.0.tgz",
      "integrity": "sha512-XZJECjbmMOKvMHiNzbiPXuXpLAJfN3dAKtfIYbk1eHiWdsutlek+gS7ND4B8yJ3oqvHo1NxfafnezVmq7NXK0A==",
      "requires": {
        "acorn-private-class-elements": "^1.0.0"
      }
    },
    "acorn-walk": {
      "version": "8.1.0",
      "resolved": "https://registry.npmjs.org/acorn-walk/-/acorn-walk-8.1.0.tgz",
      "integrity": "sha512-mjmzmv12YIG/G8JQdQuz2MUDShEJ6teYpT5bmWA4q7iwoGen8xtt3twF3OvzIUl+Q06aWIjvnwQUKvQ6TtMRjg=="
    },
    "debug": {
      "version": "4.3.1",
      "resolved": "https://registry.npmjs.org/debug/-/debug-4.3.1.tgz",
      "integrity": "sha512-doEwdvm4PCeK4K3RQN2ZC2BYUBaxwLARCqZmMjtF8a51J2Rb0xpVloFRnCODwqjpwnAoao4pelN8l3RJdv3gRQ==",
      "requires": {
        "ms": "2.1.2"
      }
    },
    "fs-extra": {
      "version": "10.0.0",
      "resolved": "https://registry.npmjs.org/fs-extra/-/fs-extra-10.0.0.tgz",
      "integrity": "sha512-C5owb14u9eJwizKGdchcDUQeFtlSHHthBk8pbX9Vc1PFZrLombudjDnNns88aYslCyF6IY5SUw3Roz6xShcEIQ==",
      "requires": {
        "graceful-fs": "^4.2.0",
        "jsonfile": "^6.0.1",
        "universalify": "^2.0.0"
      }
    },
    "graceful-fs": {
      "version": "4.2.6",
      "resolved": "https://registry.npmjs.org/graceful-fs/-/graceful-fs-4.2.6.tgz",
      "integrity": "sha512-nTnJ528pbqxYanhpDYsi4Rd8MAeaBA67+RZ10CM1m3bTAVFEDcd5AuA4a6W5YkGZ1iNXHzZz8T6TBKLeBuNriQ=="
    },
    "jsonfile": {
      "version": "6.1.0",
      "resolved": "https://registry.npmjs.org/jsonfile/-/jsonfile-6.1.0.tgz",
      "integrity": "sha512-5dgndWOriYSm5cnYaJNhalLNDKOqFwyDB/rr1E9ZsGciGvKPs8R2xYGCacuf3z6K1YKDz182fd+fY3cn3pMqXQ==",
      "requires": {
        "graceful-fs": "^4.1.6",
        "universalify": "^2.0.0"
      }
    },
    "ms": {
      "version": "2.1.2",
      "resolved": "https://registry.npmjs.org/ms/-/ms-2.1.2.tgz",
      "integrity": "sha512-sGkPx+VjMtmA6MX27oA4FBFELFCZZ4S4XqeGOXCv68tT+jb3vk/RyaKWP0PTKyWtmLSM0b+adUTEvbs1PEaH2w=="
    },
    "node-repl-await": {
      "version": "0.1.2",
      "resolved": "https://registry.npmjs.org/node-repl-await/-/node-repl-await-0.1.2.tgz",
      "integrity": "sha512-e03zlI31RjF6Ks9+/ju0gY55dZSm21XXMSzy85FGZtDxuAZCa/iQwzWoQjmZvaolQCrIjzs0e4shxZs1bxbpUg==",
      "requires": {
        "acorn": "^8.0.5",
        "acorn-class-fields": "^1.0.0",
        "acorn-private-methods": "^1.0.0",
        "acorn-static-class-features": "^1.0.0",
        "acorn-walk": "^8.0.2"
      }
    },
    "simple-git": {
      "version": "2.38.0",
      "resolved": "https://registry.npmjs.org/simple-git/-/simple-git-2.38.0.tgz",
      "integrity": "sha512-CORjrfirWMEGbJAxaXDH/PjZVOeATeG2bkafM9DsLVcFkbF9sXQGIIpEI6FeyXpvUsFK69T/pa4+4FKY9TUJMQ==",
      "requires": {
        "@kwsites/file-exists": "^1.1.1",
        "@kwsites/promise-deferred": "^1.1.1",
        "debug": "^4.3.1"
      }
    },
    "universalify": {
      "version": "2.0.0",
      "resolved": "https://registry.npmjs.org/universalify/-/universalify-2.0.0.tgz",
      "integrity": "sha512-hAZsKq7Yy11Zu1DE0OzWjw7nnLZmJZYTDZZyEFHZdUhV8FkH5MCfoU1XMaxXovpyW5nq5scPqq0ZDP9Zyl04oQ=="
    },
    "ws": {
      "version": "7.4.5",
      "resolved": "https://registry.npmjs.org/ws/-/ws-7.4.5.tgz",
      "integrity": "sha512-xzyu3hFvomRfXKH8vOFMU3OguG6oOvhXMo3xsGy3xWExqaM2dxBbVxuD99O7m3ZUFMvvscsZDqxfgMaRr/Nr1g==",
      "requires": {}
    }
  }
}
